{
  "schema": 1,
  "governed_by": "Spec/drafts/S16-adoption-manifest.md (normative fields, S16.2) + P3/CONVENTIONS.md §4 (serialization, extension fields, gate mechanics)",
  "components": [
    {
      "name": "Go toolchain",
      "kind": "toolchain",
      "pin": "1.26.5",
      "license": {
        "spdx": "BSD-3-Clause",
        "scope": "entire distribution (single LICENSE + PATENTS at distribution root; verified in the installed artifact at ~/.local/go)",
        "checked": "2026-07-19"
      },
      "role": {
        "summary": "backend build toolchain for the single static release binary",
        "section": "S01.5"
      },
      "replacement": "none live — the Python/Litestar posture is documentation only (S01.5; G3 D3.2)",
      "abandonment": "default (⚙ adoption.abandonment_months, S16.7; settings registry lands in P3-B0-2)",
      "watch": [
        "go1compat",
        "quarterly dependency pass (S16.7)"
      ],
      "last_review": "2026-07-19",
      "notes": "pin cross-checked against the go directive in go.mod by tools/lockgate; S16.3 'TBD-P3(pin at scaffold)' resolved at P3-B0-1"
    },
    {
      "name": "actions/checkout",
      "kind": "toolchain",
      "pin": "9c091bb21b7c1c1d1991bb908d89e4e9dddfe3e0",
      "license": {
        "spdx": "MIT",
        "scope": "repo root (single LICENSE at the pinned ref; no enterprise/ee carve-out directories present)",
        "checked": "2026-07-19"
      },
      "role": {
        "summary": "CI checkout step of the S01.11 GitHub Actions pipeline",
        "section": "S01.11"
      },
      "replacement": "explicit git clone/fetch run steps in the workflow (convenience wrapper, no exclusive capability)",
      "abandonment": "default (⚙ adoption.abandonment_months, S16.7)",
      "watch": [
        "quarterly dependency pass (S16.7)"
      ],
      "last_review": "2026-07-19",
      "notes": "sha = tag v7.0.0, verified 2026-07-19; CI-only — never a running unit or bundled dependency of the release artifact"
    },
    {
      "name": "actions/setup-go",
      "kind": "toolchain",
      "pin": "b7ad1dad31e06c5925ef5d2fc7ad053ef454303e",
      "license": {
        "spdx": "MIT",
        "scope": "repo root (single LICENSE at the pinned ref; no enterprise/ee carve-out directories present)",
        "checked": "2026-07-19"
      },
      "role": {
        "summary": "CI Go installation step (reads the pinned version from go.mod) of the S01.11 pipeline",
        "section": "S01.11"
      },
      "replacement": "install the pinned Go release from the official tarball with checksum verification in a run step (same procedure as the host toolchain install)",
      "abandonment": "default (⚙ adoption.abandonment_months, S16.7)",
      "watch": [
        "quarterly dependency pass (S16.7)"
      ],
      "last_review": "2026-07-19",
      "notes": "sha = tag v7.0.0, verified 2026-07-19; CI-only — never a running unit or bundled dependency of the release artifact"
    },
    {
      "name": "SQLite via pure-Go driver",
      "kind": "library",
      "pin": "v1.54.0",
      "license": {
        "spdx": "BSD-3-Clause",
        "scope": "module root at v1.54.0 (single LICENSE; SQLITE-LICENSE public-domain notice alongside, matching the S16.3 row; no enterprise/ee carve-out directories). Bundled transitive modules verified per-module in the hash-verified module cache: BSD-3-Clause (modernc.org/libc, modernc.org/mathutil, modernc.org/memory, golang.org/x/sys, github.com/google/uuid, github.com/remyoudompheng/bigfft), MIT (github.com/dustin/go-humanize, github.com/mattn/go-isatty, github.com/ncruces/go-strftime)",
        "checked": "2026-07-19"
      },
      "role": {
        "summary": "platform.db engine + database/sql driver behind the storage seam (sole consumer: internal/storage)",
        "section": "S02"
      },
      "replacement": "driver swap inside the storage module (storage seam, S01.3); schema and API untouched",
      "abandonment": "default (⚙ adoption.abandonment_months = 6 mo, settings registry)",
      "watch": [
        "currency policy: pin the release line, take patch releases deliberately (R17 §4.7)",
        "quarterly dependency pass (S16.7)"
      ],
      "last_review": "2026-07-19",
      "modules": [
        "modernc.org/sqlite",
        "modernc.org/libc",
        "modernc.org/mathutil",
        "modernc.org/memory",
        "golang.org/x/sys",
        "github.com/dustin/go-humanize",
        "github.com/google/uuid",
        "github.com/mattn/go-isatty",
        "github.com/ncruces/go-strftime",
        "github.com/remyoudompheng/bigfft"
      ],
      "notes": "S16.3 'TBD-P3(driver pin)' resolved at P3-B0-2. Landscape LIVE-verified 2026-07-19 via proxy.golang.org: modernc.org/sqlite v1.54.0 (tagged 2026-07-15 at gitlab.com/cznic/sqlite, hash 693ff386) vs github.com/ncruces/go-sqlite3 v0.35.2 (also cgo-free, but WASM-under-wazero and still 0.x — no stable release line to pin). modernc picked per the S01.5 grounds: it IS the pure-Go (cgo-free) translation of the SQLite amalgamation, database/sql-native, longest-lived v1 line. Embeds SQLite 3.53.3 on linux/amd64. Pin coupling: modernc.org/libc MUST stay exactly at the version in the driver's own go.mod (v1.74.1 here; upstream issue #177) — bump driver and libc together, never independently. S16.4 checklist walked at P3-B0-2 (niche/seam #1: storage seam S01.3; organ-grade #2: library, no orchestration opinions; health #3: active release cadence v1.49→v1.54 observed on the proxy; license #4: path-scoped above; behavior #5: WAL/FULL/BEGIN IMMEDIATE/foreign_keys/user_version/multi-statement exec + append-only triggers asserted by internal/storage + internal/eventlog unit tests at the pin; unmodified #6: config-only via DSN; runner-never-store #7: n/a, it IS the store engine; pin+funeral #8: this entry; watch #9: rows above; #10: operator ratification queued for the B0 gate report per P3-B0-1 precedent)"
    },
    {
      "name": "golang.org/x/crypto",
      "kind": "library",
      "pin": "v0.54.0",
      "license": {
        "spdx": "BSD-3-Clause",
        "scope": "module root at v0.54.0 (single LICENSE + PATENTS at the module root, verified in the hash-verified module cache; no enterprise/ee carve-out directories). Companion bump: golang.org/x/sys v0.46.0 -> v0.47.0 (MVS, required by x/crypto), same single root BSD-3-Clause LICENSE verified at v0.47.0 — module coverage for x/sys remains with the SQLite driver entry",
        "checked": "2026-07-19"
      },
      "role": {
        "summary": "argon2id PIN/password hashing for the S01.9 person-identity layer (sole consumer: internal/auth; only the argon2 + blake2b packages are linked)",
        "section": "S01.9"
      },
      "replacement": "credentials are self-describing PHC strings (params ride the stored hash), and the KDF sits behind internal/auth's hashPIN/verifyPINHash pair — replacement = any maintained argon2id implementation (or a vendored copy of x/crypto/argon2; BSD-3 permits) behind those two functions, with stored credentials surviving the swap unchanged",
      "abandonment": "default (⚙ adoption.abandonment_months, S16.7)",
      "watch": [
        "golang.org/x repos ride the Go project's release cadence and security policy (same upstream as the toolchain entry)",
        "quarterly dependency pass (S16.7)"
      ],
      "last_review": "2026-07-19",
      "modules": [
        "golang.org/x/crypto"
      ],
      "notes": "Adopted at P3-B0-5 because Spec S01.9 names argon2id for the per-user PIN/password and the stdlib has no argon2id; golang.org/x/crypto is the Go team's reference implementation. Pin LIVE-verified 2026-07-19 as @latest on proxy.golang.org (v0.54.0). S16.4 checklist walked at P3-B0-5 (niche/seam #1: one KDF behind the S01.9 data layer, API seam S01.3 untouched; organ-grade #2: leaf library, no orchestration/store opinions; health #3: Go-team maintained x-repo, monthly tag cadence observed through v0.54.0, security handling under the Go project's policy; license #4: path-scoped above; behavior #5: argon2id derivation pinned by an in-tree golden vector generated at adoption (internal/auth TestPHCGoldenVector) plus PHC round-trip/param tests — upstream's suite carries the RFC 9106 known-answer vectors; unmodified #6: import-only; runner-never-store #7: n/a, computes hashes, platform.db stays the store; pin+funeral #8: this entry; watch #9: rows above; #10: operator ratification queued for the B0 gate report per the B0-1/B0-2 precedent)"
    },
    {
      "name": "claude CLI (engine)",
      "kind": "engine",
      "pin": "2.1.216",
      "license": {
        "spdx": "LicenseRef-Anthropic-Consumer-Terms",
        "scope": "proprietary binary distribution (npm @anthropic-ai/claude-code), consumed as an unmodified subprocess only — never linked, never vendored; Consumer ToS with the gray-zone-as-is posture ratified at G1 P2 (compliance quotes per R14 §7-OQ8)",
        "checked": "2026-07-19"
      },
      "role": {
        "summary": "Anthropic-lane execution engine behind the D3 adapter (wrapped `claude -p` stream-json; adapter internal/adapters/claudecli)",
        "section": "S03.2"
      },
      "replacement": "Agent SDK as the verified in-adapter alternative, flip conditions pre-registered [S03.2/SPIKE G1-S1 §4]; billing un-pause response pre-registered [G1 P1]: Anthropic lane demotes to interactive-only, headless weight shifts to Z.AI-class/local lanes — policy/data flip, no architecture change",
      "abandonment": "default (⚙ adoption.abandonment_months, S16.7); plus the S03.3 bump gate: a pin bump lands only as an operator-gated release event with conformance + quality probes, and every bump is a worker-revalidation trigger (P-T14-1)",
      "watch": [
        "S2.8 drift canary + legal-text watch [XREF:S14; registered when S14 machinery lands, B5]",
        "conformance suite internal/adapters/claudecli (tier R runs whenever the binary is present; tier F on every test run)",
        "quarterly dependency pass (S16.7)"
      ],
      "last_review": "2026-07-20",
      "notes": "S16.3 engine row materialized at P3-B1-1. PIN BUMPED 2.1.214 -> 2.1.215 on 2026-07-20 via the S03.3 deliberate-bump procedure, operator-approved at the B1 gate. The S16.3 row states 2.1.214 (the value at spec-freeze); S16.2 records engine pins in this lock and S03.3 governs their movement, so this is the first sanctioned in-band bump, NOT a spec amendment (S16.3 row text is unchanged; this lock is the living pin). Gate evidence: conformance suite green at the new pin — tier F fixtures were re-recorded live against 2.1.215 (2026-07-19/20), tier R real-engine passed (installed version now MATCHES the pin, enum rejection, full-argv dry probe). The 2.1.215 change is a FIX: it honors first-defer on parallel gated turns, closing the S03.4 ~20% silent-fallback trap (B1-4 spike measurement). Worker-revalidation trigger (P-T14-1) fires against an EMPTY worker set (workforce is B3), so the bump is cheapest now. claudecli.Pin (conformance_test.go) bumped in lockstep (coupled by TestPinMatchesLock). Engine runs unmodified as a per-run subprocess, own process group, per-user CLAUDE_CONFIG_DIR as the credential root (S03.2; D2); --dangerously-skip-permissions never emitted; native-spawn Task* family excluded from every allowlist (S03.5 sole-controller). Not a Go module: no modules claim; no npm-side bundling (engine invoked from PATH/explicit path). PIN BUMPED 2.1.215 -> 2.1.216 on 2026-07-22 via S03.3, operator-approved at the B3 gate (D1). Evidence at 2.1.216: B3-3 serialize-by-deny reconfirm PASS (E1 clean park, E3 6/6 faithful, E2 favorable drift persists) + B3-4 PostToolUse probe PASS (all three pre-registered expectations); installed version now MATCHES the pin; per-pin canary (SINET_B3_4 live test) run at the bump. P-T14-1 worker-revalidation fires against an EMPTY production worker set (composed workers exist only in tests). claudecli.Pin (claudecli.go since B3-5) bumped in lockstep (TestPinMatchesLock)."
    },
    {
      "name": "sandbox-runtime",
      "kind": "library",
      "pin": "0.0.66",
      "license": {
        "spdx": "Apache-2.0",
        "scope": "LICENSE at the repo root at the pinned ref (tag v0.0.66 = commit 03bcd3daaffb3f8bfe6973cd55afe7722f1b7a2d) — full Apache-2.0 text VERIFIED 2026-07-20 (header + 11339 chars, not assumed); package.json declares license Apache-2.0; no enterprise/ee/dual-license carve-out directories in the tree at the ref. Consumed UNMODIFIED as an external Node CLI (`srt`, bin dist/cli.js, engines node>=20.11.0) — never vendored, never linked into the Go binary, no Go module (adopt-don't-fork, S16.1).",
        "checked": "2026-07-20"
      },
      "role": {
        "summary": "srt — ADOPTED, ratified PRIMARY per-run composition core (S11.1 Adoption; G2 D2.2): wraps the engine process externally with bwrap+seccomp + the S11.4 netns-removed UDS-to-host-proxy egress shape + a Node-safe positive syscall allow-list; engines run unmodified. Selected by internal/sandbox BuildPlan when the host has srt; the native direct composition is the funeral-plan fallback",
        "section": "S11.1"
      },
      "replacement": "the native direct composition of the same kernel primitives (internal/sandbox Compose -> bwrap+seccomp+Landlock+netns argv) — the S16.3 ratified 'direct composition of the same kernel primitives' rebuild path, RETAINED in-tree as the funeral-plan fallback and selected automatically when srt is absent (BuildPlan), so abandonment leaves no gap in confinement",
      "abandonment": "default (⚙ adoption.abandonment_months, S16.7); the 0.0.x research-preview cadence (releases every 1–3 days; upstream notes 'APIs and configuration formats may evolve') is an explicit churn risk — a breaking config/CLI change the pinned generator cannot follow activates the in-tree native funeral-plan fallback as a dated lock edit",
      "watch": [
        "S2.8 sandbox-runtime (srt) drift canary [XREF:S14; registered when S14 machinery lands, B5]",
        "0.0.x / rapid-cadence / unstable-API churn watch — research preview at v0.0.66 (releases every 1–3 days; config-format-may-evolve); the SrtConfigFor generator + `srt --settings` invocation are re-verified against the live schema on every pin bump",
        "quarterly dependency pass (S16.7)"
      ],
      "last_review": "2026-07-20",
      "notes": "S16.3 sandbox-runtime library row MATERIALIZED at P3-B1-3R (spec-conformance remediation: B1-3 shipped the funeral plan instead of adopting srt — the S11.1 'Adoption' paragraph BINDS srt for the bwrap+seccomp+proxy core, ratified G2 D2.2; direct composition is only the S16.3 replacement path). Pin LIVE-verified 2026-07-20: GitHub anthropic-experimental/sandbox-runtime latest release v0.0.66 (published 2026-07-17, not prerelease/draft), repo NOT archived, pushed 2026-07-18 (actively maintained); npm @anthropic-ai/sandbox-runtime@0.0.66 (bin srt -> dist/cli.js). Adopt-don't-fork: srt wraps the engine EXTERNALLY; the engine is configured, never modified. Not a Go module -> NO modules claim (like the claude engine + os-mechanism entries); srt is a Node CLI invoked as an external process (S01.5 sanctions consuming JS organs as external processes). S16.4 checklist walked: #1 niche/seam — the S01.3 process seam (sandbox side), owning section S11.1, behind internal/sandbox; #2 organ-grade — single-purpose process-wrapping tool, no orchestration/session/store opinions; #3 health — active (v0.0.66 2026-07-17, ~1–3-day cadence, pushed 2026-07-18, 4.7k stars, Apache-2.0); #4 license path-scoped above (verified, not assumed); #5 behavior — the srt-config generator (SrtConfigFor) + invocation (`srt --settings <cfg> -- <engine>`) built against the pinned schema (src/sandbox/sandbox-schemas.ts / sandbox-config.ts at v0.0.66); the LIVE srt-wrapping smoke is DEFERRED to the B2 host batch (like B1-3's egress substrate), asserted here via a stub `srt` under t.TempDir(); #6 unmodified — config-only via --settings JSON; #7 runner-never-store — n/a (a process wrapper, computes no records; platform.db unaffected); #8 pin+funeral — this entry (funeral plan = the retained native direct composition); #9 watch — rows above; #10 operator ratification ALREADY GRANTED (Path A decision, B1 gate 2026-07-20). Activation is host-dependent: srt is NOT installed at B1 (no host changes) — it batches at the B2 host gate alongside the egress substrate + run@ install; until then internal/sandbox.Probe finds srt absent and the native funeral-plan fallback runs (no regression), with the confiner/launcher logging which path is active. Discovery: PATH or the SINET_SRT_PATH override (operator/B2-activation knob + test-injection seam). srt supplies its own Node-safe positive-allowlist seccomp (its apply-seccomp binary) on the primary path; the native fallback keeps its default-allow-kill-dangerous filter (S11 does not demand fallback parity — S11.1 'allowlist-only' is scoped to mounts/tools/egress). srt is convenience over containment on egress (S11.4): it does hostname allowlisting; the IP:port default-drop that CONTAINS (⚙ egress_deny_cidrs + block_outbound_doh) is the host nftables layer, deferred with the egress substrate. No CI running-unit assertion (external on-demand CLI, not a systemd unit; activates with unit install per CONVENTIONS §4). HOST-INSTALLED 2026-07-20 (B2 gate D2.3): npm -g @0.0.66 to /usr/local (root prefix), bin /usr/local/bin/srt, package.json version verified 0.0.66 post-install; QUIRK: dist/cli.js --version prints the commander fallback '1.0.0' outside an npm run context (.version(process.env.npm_package_version || '1.0.0')) — the probe log's '(1.0.0)' is that fallback, not a pin drift; re-check the printed-vs-package version on every pin bump."
    },
    {
      "name": "OS mechanisms: bubblewrap/seccomp/Landlock/netns+nftables",
      "kind": "os-mechanism",
      "pin": "ubuntu-26.04-lts",
      "license": {
        "spdx": "LGPL-2.0-or-later AND GPL-2.0-only",
        "scope": "OS-packaged host mechanisms consumed UNMODIFIED through their kernel/CLI interfaces, never vendored or linked: bubblewrap (LGPL-2.0-or-later, /usr/bin/bwrap), the kernel seccomp-BPF and Landlock LSM (GPL-2.0-only, syscall interfaces), and netns + nftables (kernel + /usr/sbin/nft). CI cannot pin the kernel (S16.2 os-mechanism rule); tracked by host-OS release + probe result/date below.",
        "checked": "2026-07-20"
      },
      "role": {
        "summary": "composed per-run sandbox stack (S11.1): bubblewrap namespaces + empty netns are the boundary; seccomp-BPF + Landlock are defense-in-depth; plus the broker-injection egress substrate",
        "section": "S11"
      },
      "replacement": "per-mechanism ratified fallbacks (G2 D2.3; S11.2): per-binary AppArmor profile for userns (shipped and proven), nftables-only egress (which is the boundary anyway), plain-copy workspaces where reflink-CoW is absent. The composed stack's PRIMARY path is the adopted srt wrapper (S11.1 Adoption; own `sandbox-runtime` library entry); the direct composition of these primitives is the S16.3 funeral-plan fallback, selected when srt is absent",
      "abandonment": "an OS-release upgrade is a deliberate event that re-runs the S11.2/S16.3 probe set (internal/sandbox.Probe) before normal admission resumes; a mechanism removed upstream activates its ratified fallback as a dated lock edit",
      "watch": [
        "re-probe on OS upgrade + quarterly dependency pass (S16.7)",
        "sandbox-runtime (srt) is ADOPTED as the primary composition path over these primitives (S11.1; own `sandbox-runtime` library entry carries the S2.8 + 0.0.x-churn watch); the native direct composition here is its funeral-plan fallback"
      ],
      "last_review": "2026-07-20",
      "notes": "S16.3 os-mechanism row materialized at P3-B1-3 (first consumption: internal/sandbox composes /usr/bin/bwrap for per-run confinement). Host = Ubuntu 26.04 LTS, kernel 7.0.0-27-generic. Probe CLEARED 2026-07-20 (internal/sandbox.Probe, re-verifying SPIKE P2-S2 at runtime): bubblewrap 0.11.1 at /usr/bin/bwrap — MUST invoke the system path (the shipped AppArmor profile /etc/apparmor.d/bwrap-userns-restrict attaches to it; S11.2 rider); unprivileged user+net namespace FORMS under apparmor_restrict_unprivileged_userns=1 (functional probe, not a sysctl read); seccomp SECCOMP_MODE_FILTER available, profile loaded via bwrap --seccomp fd (kills ptrace/process_vm_readv/process_vm_writev — proven live: PTRACE_TRACEME denied EPERM inside the sandbox); Landlock present at ABI 8 (landlock_create_ruleset = syscall 444) — ruleset composed as data, live ENFORCEMENT is a B1 seam (x/sys v0.47.0 exposes no Landlock wrappers; the boundary is bwrap+netns regardless); netns present (empty per-run netns, no route = the S11.4 primary default-drop), nftables at /usr/sbin/nft. DECISIONS (reported, gate-flagged): srt (sandbox-runtime, S16.3 library row) ADOPTED as the primary composition path at P3-B1-3R — its own `sandbox-runtime` library entry is materialized above; the direct composition of these primitives is retained as the S16.3 funeral-plan fallback, selected by internal/sandbox.BuildPlan when srt is absent (host-deferred install batching at the B2 gate; native fallback runs at B1, no regression). sops + age (S16.3 rows) NOT consumed at B1 — the dev-mode broker store encrypts at rest with stdlib AES-256-GCM (zero new deps); the ratified systemd-creds + sops/age host-integrated format lands with broker key management at a host-install gate (age adoption + sops decision queued for the B1 gate, operator #10; coheres with operator age-identity-escrow item 6). Host egress substrate (nftables default-DROP + host proxy, S11.4/S11.8 sinet-egress-setup.service) is a boot-time root install — DEFERRED (no host changes at B1); the empty netns is delivered. Not a Go dependency (no modules claim); no CI running-unit assertion yet (activates with unit install, CONVENTIONS §4)."
    },
    {
      "name": "Caddy",
      "kind": "organ-unit",
      "pin": "2.6.2-14",
      "license": {
        "spdx": "Apache-2.0",
        "scope": "Debian machine-readable copyright record of the INSTALLED package at 2.6.2-14 (/usr/share/doc/caddy/copyright, read 2026-07-20): Files: * = Apache-2.0; one vendored file dual Apache-2.0 AND BSD-3-Clause (modules/caddyhttp/reverseproxy/streaming.go, a Go-stdlib borrow); debian/* packaging BSD-3-clause; no enterprise/ee/dual-license carve-outs. Consumed UNMODIFIED as an OS-packaged running unit (own systemd unit caddy.service + journal identity, S01.2) — never vendored, never linked",
        "checked": "2026-07-20"
      },
      "role": {
        "summary": "front router of the S01.4 chain (tailscale serve → Caddy on 127.0.0.1:8481 → sinet-control on 127.0.0.1:8482): plain-HTTP loopback routing only — TLS stays at serve, /events rides unbuffered (flush_interval -1); admin-API preview subdomain routes arrive at B4",
        "section": "S01.4"
      },
      "replacement": "process-seam swap, routing config only (S01.3; S16.3 row); until the S13 preview routes land the chain even runs without it — re-point tailscale serve at sinet-control directly (the runbook's own pre-Caddy fallback), so abandonment leaves no gap in the front chain",
      "abandonment": "default (⚙ adoption.abandonment_months, S16.7); archive package rides Ubuntu 26.04 release + security support — removal from the archive or upstream abandonment activates the process-seam swap as a dated lock edit",
      "watch": [
        "archive-vs-upstream drift: resolute ships 2.6.2 while upstream caddyserver/caddy is far ahead — security fixes arrive via Ubuntu security updates, not upstream cadence; re-check at the quarterly pass",
        "quarterly dependency pass (S16.7)"
      ],
      "last_review": "2026-07-20",
      "notes": "S16.3 Caddy organ-unit row 'TBD-P3(pin at onboarding)' + 'TBD-P3(path-scoped verify at onboarding)' RESOLVED at the B2-gate D2 host batch item 2 (B0-cert-steps execution, 2026-07-20, operator-directed live). Installed from Ubuntu 26.04 resolute/universe (apt, simulation-vetted: caddy 2.6.2-14 + dependency libnss3-tools only, nothing removed/upgraded). Not a Go module: no modules claim (external OS package, like the engine + os-mechanism entries). S16.4 checklist walked: #1 niche/seam — front-chain router behind the S01.3 process seam, owning section S01.4; #2 organ-grade — single-purpose HTTP router, own unit + own journal identity (S01.2), no orchestration/store opinions; #3 health — Ubuntu-archive-maintained with distro security support, upstream active; #4 license path-scoped above from the installed artifact (not assumed); #5 behavior — asserted live at onboarding: /events unbuffered SSE via flush_interval -1, loopback-only listener verified by ss (P-T13-2), health + identity-header pass-through verified end-to-end through the full chain; the recurring listener-binding audit registers into S14's watchdog suite (B5); #6 unmodified — config-only via /etc/caddy/Caddyfile; #7 runner-never-store — n/a (routes bytes, stores nothing); #8 pin+funeral — this entry; #9 watch rows above; #10 operator ratification — installed under the operator's live direction at the gate (sudo window + go, 2026-07-20). EXECUTION FINDING recorded in P3/gates/B0-cert-steps.md: the runbook's documented Caddyfile bound *:8481 (a Caddy site-address host is HOST-MATCHED, not bound) and would have host-match-missed the forwarded ts.net Host header — corrected at execution to a host-agnostic site address (http://:8481) + explicit `bind 127.0.0.1`; runbook amended in place."
    }
  ]
}
