{
  "schema": 1,
  "governed_by": "Spec/drafts/S16-adoption-manifest.md (normative fields, S16.2) + P3/CONVENTIONS.md §4 (serialization, extension fields, gate mechanics)",
  "components": [
    {
      "name": "Go toolchain",
      "kind": "toolchain",
      "pin": "1.26.5",
      "license": {
        "spdx": "BSD-3-Clause",
        "scope": "entire distribution (single LICENSE + PATENTS at distribution root; verified in the installed artifact at ~/.local/go)",
        "checked": "2026-07-19"
      },
      "role": {
        "summary": "backend build toolchain for the single static release binary",
        "section": "S01.5"
      },
      "replacement": "none live — the Python/Litestar posture is documentation only (S01.5; G3 D3.2)",
      "abandonment": "default (⚙ adoption.abandonment_months, S16.7; settings registry lands in P3-B0-2)",
      "watch": [
        "go1compat",
        "quarterly dependency pass (S16.7)"
      ],
      "last_review": "2026-07-19",
      "notes": "pin cross-checked against the go directive in go.mod by tools/lockgate; S16.3 'TBD-P3(pin at scaffold)' resolved at P3-B0-1"
    },
    {
      "name": "actions/checkout",
      "kind": "toolchain",
      "pin": "9c091bb21b7c1c1d1991bb908d89e4e9dddfe3e0",
      "license": {
        "spdx": "MIT",
        "scope": "repo root (single LICENSE at the pinned ref; no enterprise/ee carve-out directories present)",
        "checked": "2026-07-19"
      },
      "role": {
        "summary": "CI checkout step of the S01.11 GitHub Actions pipeline",
        "section": "S01.11"
      },
      "replacement": "explicit git clone/fetch run steps in the workflow (convenience wrapper, no exclusive capability)",
      "abandonment": "default (⚙ adoption.abandonment_months, S16.7)",
      "watch": [
        "quarterly dependency pass (S16.7)"
      ],
      "last_review": "2026-07-19",
      "notes": "sha = tag v7.0.0, verified 2026-07-19; CI-only — never a running unit or bundled dependency of the release artifact"
    },
    {
      "name": "actions/setup-go",
      "kind": "toolchain",
      "pin": "b7ad1dad31e06c5925ef5d2fc7ad053ef454303e",
      "license": {
        "spdx": "MIT",
        "scope": "repo root (single LICENSE at the pinned ref; no enterprise/ee carve-out directories present)",
        "checked": "2026-07-19"
      },
      "role": {
        "summary": "CI Go installation step (reads the pinned version from go.mod) of the S01.11 pipeline",
        "section": "S01.11"
      },
      "replacement": "install the pinned Go release from the official tarball with checksum verification in a run step (same procedure as the host toolchain install)",
      "abandonment": "default (⚙ adoption.abandonment_months, S16.7)",
      "watch": [
        "quarterly dependency pass (S16.7)"
      ],
      "last_review": "2026-07-19",
      "notes": "sha = tag v7.0.0, verified 2026-07-19; CI-only — never a running unit or bundled dependency of the release artifact"
    },
    {
      "name": "SQLite via pure-Go driver",
      "kind": "library",
      "pin": "v1.54.0",
      "license": {
        "spdx": "BSD-3-Clause",
        "scope": "module root at v1.54.0 (single LICENSE; SQLITE-LICENSE public-domain notice alongside, matching the S16.3 row; no enterprise/ee carve-out directories). Bundled transitive modules verified per-module in the hash-verified module cache: BSD-3-Clause (modernc.org/libc, modernc.org/mathutil, modernc.org/memory, golang.org/x/sys, github.com/google/uuid, github.com/remyoudompheng/bigfft), MIT (github.com/dustin/go-humanize, github.com/mattn/go-isatty, github.com/ncruces/go-strftime)",
        "checked": "2026-07-19"
      },
      "role": {
        "summary": "platform.db engine + database/sql driver behind the storage seam (sole consumer: internal/storage)",
        "section": "S02"
      },
      "replacement": "driver swap inside the storage module (storage seam, S01.3); schema and API untouched",
      "abandonment": "default (⚙ adoption.abandonment_months = 6 mo, settings registry)",
      "watch": [
        "currency policy: pin the release line, take patch releases deliberately (R17 §4.7)",
        "quarterly dependency pass (S16.7)"
      ],
      "last_review": "2026-07-19",
      "modules": [
        "modernc.org/sqlite",
        "modernc.org/libc",
        "modernc.org/mathutil",
        "modernc.org/memory",
        "golang.org/x/sys",
        "github.com/dustin/go-humanize",
        "github.com/google/uuid",
        "github.com/mattn/go-isatty",
        "github.com/ncruces/go-strftime",
        "github.com/remyoudompheng/bigfft"
      ],
      "notes": "S16.3 'TBD-P3(driver pin)' resolved at P3-B0-2. Landscape LIVE-verified 2026-07-19 via proxy.golang.org: modernc.org/sqlite v1.54.0 (tagged 2026-07-15 at gitlab.com/cznic/sqlite, hash 693ff386) vs github.com/ncruces/go-sqlite3 v0.35.2 (also cgo-free, but WASM-under-wazero and still 0.x — no stable release line to pin). modernc picked per the S01.5 grounds: it IS the pure-Go (cgo-free) translation of the SQLite amalgamation, database/sql-native, longest-lived v1 line. Embeds SQLite 3.53.3 on linux/amd64. Pin coupling: modernc.org/libc MUST stay exactly at the version in the driver's own go.mod (v1.74.1 here; upstream issue #177) — bump driver and libc together, never independently. S16.4 checklist walked at P3-B0-2 (niche/seam #1: storage seam S01.3; organ-grade #2: library, no orchestration opinions; health #3: active release cadence v1.49→v1.54 observed on the proxy; license #4: path-scoped above; behavior #5: WAL/FULL/BEGIN IMMEDIATE/foreign_keys/user_version/multi-statement exec + append-only triggers asserted by internal/storage + internal/eventlog unit tests at the pin; unmodified #6: config-only via DSN; runner-never-store #7: n/a, it IS the store engine; pin+funeral #8: this entry; watch #9: rows above; #10: operator ratification queued for the B0 gate report per P3-B0-1 precedent)"
    },
    {
      "name": "golang.org/x/crypto",
      "kind": "library",
      "pin": "v0.54.0",
      "license": {
        "spdx": "BSD-3-Clause",
        "scope": "module root at v0.54.0 (single LICENSE + PATENTS at the module root, verified in the hash-verified module cache; no enterprise/ee carve-out directories). Companion bump: golang.org/x/sys v0.46.0 -> v0.47.0 (MVS, required by x/crypto), same single root BSD-3-Clause LICENSE verified at v0.47.0 — module coverage for x/sys remains with the SQLite driver entry",
        "checked": "2026-07-19"
      },
      "role": {
        "summary": "argon2id PIN/password hashing for the S01.9 person-identity layer (sole consumer: internal/auth; only the argon2 + blake2b packages are linked)",
        "section": "S01.9"
      },
      "replacement": "credentials are self-describing PHC strings (params ride the stored hash), and the KDF sits behind internal/auth's hashPIN/verifyPINHash pair — replacement = any maintained argon2id implementation (or a vendored copy of x/crypto/argon2; BSD-3 permits) behind those two functions, with stored credentials surviving the swap unchanged",
      "abandonment": "default (⚙ adoption.abandonment_months, S16.7)",
      "watch": [
        "golang.org/x repos ride the Go project's release cadence and security policy (same upstream as the toolchain entry)",
        "quarterly dependency pass (S16.7)"
      ],
      "last_review": "2026-07-19",
      "modules": [
        "golang.org/x/crypto"
      ],
      "notes": "Adopted at P3-B0-5 because Spec S01.9 names argon2id for the per-user PIN/password and the stdlib has no argon2id; golang.org/x/crypto is the Go team's reference implementation. Pin LIVE-verified 2026-07-19 as @latest on proxy.golang.org (v0.54.0). S16.4 checklist walked at P3-B0-5 (niche/seam #1: one KDF behind the S01.9 data layer, API seam S01.3 untouched; organ-grade #2: leaf library, no orchestration/store opinions; health #3: Go-team maintained x-repo, monthly tag cadence observed through v0.54.0, security handling under the Go project's policy; license #4: path-scoped above; behavior #5: argon2id derivation pinned by an in-tree golden vector generated at adoption (internal/auth TestPHCGoldenVector) plus PHC round-trip/param tests — upstream's suite carries the RFC 9106 known-answer vectors; unmodified #6: import-only; runner-never-store #7: n/a, computes hashes, platform.db stays the store; pin+funeral #8: this entry; watch #9: rows above; #10: operator ratification queued for the B0 gate report per the B0-1/B0-2 precedent)"
    },
    {
      "name": "claude CLI (engine)",
      "kind": "engine",
      "pin": "2.1.215",
      "license": {
        "spdx": "LicenseRef-Anthropic-Consumer-Terms",
        "scope": "proprietary binary distribution (npm @anthropic-ai/claude-code), consumed as an unmodified subprocess only — never linked, never vendored; Consumer ToS with the gray-zone-as-is posture ratified at G1 P2 (compliance quotes per R14 §7-OQ8)",
        "checked": "2026-07-19"
      },
      "role": {
        "summary": "Anthropic-lane execution engine behind the D3 adapter (wrapped `claude -p` stream-json; adapter internal/adapters/claudecli)",
        "section": "S03.2"
      },
      "replacement": "Agent SDK as the verified in-adapter alternative, flip conditions pre-registered [S03.2/SPIKE G1-S1 §4]; billing un-pause response pre-registered [G1 P1]: Anthropic lane demotes to interactive-only, headless weight shifts to Z.AI-class/local lanes — policy/data flip, no architecture change",
      "abandonment": "default (⚙ adoption.abandonment_months, S16.7); plus the S03.3 bump gate: a pin bump lands only as an operator-gated release event with conformance + quality probes, and every bump is a worker-revalidation trigger (P-T14-1)",
      "watch": [
        "S2.8 drift canary + legal-text watch [XREF:S14; registered when S14 machinery lands, B5]",
        "conformance suite internal/adapters/claudecli (tier R runs whenever the binary is present; tier F on every test run)",
        "quarterly dependency pass (S16.7)"
      ],
      "last_review": "2026-07-20",
      "notes": "S16.3 engine row materialized at P3-B1-1. PIN BUMPED 2.1.214 -> 2.1.215 on 2026-07-20 via the S03.3 deliberate-bump procedure, operator-approved at the B1 gate. The S16.3 row states 2.1.214 (the value at spec-freeze); S16.2 records engine pins in this lock and S03.3 governs their movement, so this is the first sanctioned in-band bump, NOT a spec amendment (S16.3 row text is unchanged; this lock is the living pin). Gate evidence: conformance suite green at the new pin — tier F fixtures were re-recorded live against 2.1.215 (2026-07-19/20), tier R real-engine passed (installed version now MATCHES the pin, enum rejection, full-argv dry probe). The 2.1.215 change is a FIX: it honors first-defer on parallel gated turns, closing the S03.4 ~20% silent-fallback trap (B1-4 spike measurement). Worker-revalidation trigger (P-T14-1) fires against an EMPTY worker set (workforce is B3), so the bump is cheapest now. claudecli.Pin (conformance_test.go) bumped in lockstep (coupled by TestPinMatchesLock). Engine runs unmodified as a per-run subprocess, own process group, per-user CLAUDE_CONFIG_DIR as the credential root (S03.2; D2); --dangerously-skip-permissions never emitted; native-spawn Task* family excluded from every allowlist (S03.5 sole-controller). Not a Go module: no modules claim; no npm-side bundling (engine invoked from PATH/explicit path)."
    },
    {
      "name": "OS mechanisms: bubblewrap/seccomp/Landlock/netns+nftables",
      "kind": "os-mechanism",
      "pin": "ubuntu-26.04-lts",
      "license": {
        "spdx": "LGPL-2.0-or-later AND GPL-2.0-only",
        "scope": "OS-packaged host mechanisms consumed UNMODIFIED through their kernel/CLI interfaces, never vendored or linked: bubblewrap (LGPL-2.0-or-later, /usr/bin/bwrap), the kernel seccomp-BPF and Landlock LSM (GPL-2.0-only, syscall interfaces), and netns + nftables (kernel + /usr/sbin/nft). CI cannot pin the kernel (S16.2 os-mechanism rule); tracked by host-OS release + probe result/date below.",
        "checked": "2026-07-20"
      },
      "role": {
        "summary": "composed per-run sandbox stack (S11.1): bubblewrap namespaces + empty netns are the boundary; seccomp-BPF + Landlock are defense-in-depth; plus the broker-injection egress substrate",
        "section": "S11"
      },
      "replacement": "per-mechanism ratified fallbacks (G2 D2.3; S11.2): per-binary AppArmor profile for userns (shipped and proven), nftables-only egress (which is the boundary anyway), plain-copy workspaces where reflink-CoW is absent; the composed stack is the direct composition of these primitives (srt's own funeral-plan rebuild path)",
      "abandonment": "an OS-release upgrade is a deliberate event that re-runs the S11.2/S16.3 probe set (internal/sandbox.Probe) before normal admission resumes; a mechanism removed upstream activates its ratified fallback as a dated lock edit",
      "watch": [
        "re-probe on OS upgrade + quarterly dependency pass (S16.7)",
        "S2.8 sandbox-runtime (srt) watch — srt is the ratified wrapper for this core (S16.3 library row); not consumed at B1 (direct composition)"
      ],
      "last_review": "2026-07-20",
      "notes": "S16.3 os-mechanism row materialized at P3-B1-3 (first consumption: internal/sandbox composes /usr/bin/bwrap for per-run confinement). Host = Ubuntu 26.04 LTS, kernel 7.0.0-27-generic. Probe CLEARED 2026-07-20 (internal/sandbox.Probe, re-verifying SPIKE P2-S2 at runtime): bubblewrap 0.11.1 at /usr/bin/bwrap — MUST invoke the system path (the shipped AppArmor profile /etc/apparmor.d/bwrap-userns-restrict attaches to it; S11.2 rider); unprivileged user+net namespace FORMS under apparmor_restrict_unprivileged_userns=1 (functional probe, not a sysctl read); seccomp SECCOMP_MODE_FILTER available, profile loaded via bwrap --seccomp fd (kills ptrace/process_vm_readv/process_vm_writev — proven live: PTRACE_TRACEME denied EPERM inside the sandbox); Landlock present at ABI 8 (landlock_create_ruleset = syscall 444) — ruleset composed as data, live ENFORCEMENT is a B1 seam (x/sys v0.47.0 exposes no Landlock wrappers; the boundary is bwrap+netns regardless); netns present (empty per-run netns, no route = the S11.4 primary default-drop), nftables at /usr/sbin/nft. DECISIONS (reported, gate-flagged): srt (sandbox-runtime, S16.3 library row) NOT consumed at B1 — the composed stack rebuilds the same kernel primitives directly, exactly srt's ratified replacement path, so its lock entry does NOT materialize. sops + age (S16.3 rows) NOT consumed at B1 — the dev-mode broker store encrypts at rest with stdlib AES-256-GCM (zero new deps); the ratified systemd-creds + sops/age host-integrated format lands with broker key management at a host-install gate (age adoption + sops decision queued for the B1 gate, operator #10; coheres with operator age-identity-escrow item 6). Host egress substrate (nftables default-DROP + host proxy, S11.4/S11.8 sinet-egress-setup.service) is a boot-time root install — DEFERRED (no host changes at B1); the empty netns is delivered. Not a Go dependency (no modules claim); no CI running-unit assertion yet (activates with unit install, CONVENTIONS §4)."
    }
  ]
}
